// !$*UTF8*$!
{
	archiveVersion = 1;
	classes = {
	};
	objectVersion = 50;
	objects = {

/* Begin PBXBuildFile section */
		5864B08F21D617FB0083CE0B /* SquareViewController.swift in Sources */ = {isa = PBXBuildFile; fileRef = 5864B08C21D617FB0083CE0B /* SquareViewController.swift */; };
		5864B09021D617FB0083CE0B /* SquareViewController.xib in Resources */ = {isa = PBXBuildFile; fileRef = 5864B08D21D617FB0083CE0B /* SquareViewController.xib */; };
		5864B09121D617FB0083CE0B /* SquareView.swift in Sources */ = {isa = PBXBuildFile; fileRef = 5864B08E21D617FB0083CE0B /* SquareView.swift */; };
		5864B09721D619F50083CE0B /* CGRect+Extensions.swift in Sources */ = {isa = PBXBuildFile; fileRef = 5864B09621D619F50083CE0B /* CGRect+Extensions.swift */; };
		5864B09921D6212C0083CE0B /* F.swift in Sources */ = {isa = PBXBuildFile; fileRef = 5864B09821D6212C0083CE0B /* F.swift */; };
		5883883521D10E4A0009F740 /* AppDelegate.swift in Sources */ = {isa = PBXBuildFile; fileRef = 5883883421D10E4A0009F740 /* AppDelegate.swift */; };
		5883883C21D10E4A0009F740 /* Assets.xcassets in Resources */ = {isa = PBXBuildFile; fileRef = 5883883B21D10E4A0009F740 /* Assets.xcassets */; };
		5883883F21D10E4A0009F740 /* LaunchScreen.storyboard in Resources */ = {isa = PBXBuildFile; fileRef = 5883883D21D10E4A0009F740 /* LaunchScreen.storyboard */; };
		5883884A21D10E4A0009F740 /* UI_TaskTests.swift in Sources */ = {isa = PBXBuildFile; fileRef = 5883884921D10E4A0009F740 /* UI_TaskTests.swift */; };
		5883885521D10E4A0009F740 /* UI_TaskUITests.swift in Sources */ = {isa = PBXBuildFile; fileRef = 5883885421D10E4A0009F740 /* UI_TaskUITests.swift */; };
/* End PBXBuildFile section */

/* Begin PBXContainerItemProxy section */
		5883884621D10E4A0009F740 /* PBXContainerItemProxy */ = {
			isa = PBXContainerItemProxy;
			containerPortal = 5883882921D10E4A0009F740 /* Project object */;
			proxyType = 1;
			remoteGlobalIDString = 5883883021D10E4A0009F740;
			remoteInfo = "UI Task";
		};
		5883885121D10E4A0009F740 /* PBXContainerItemProxy */ = {
			isa = PBXContainerItemProxy;
			containerPortal = 5883882921D10E4A0009F740 /* Project object */;
			proxyType = 1;
			remoteGlobalIDString = 5883883021D10E4A0009F740;
			remoteInfo = "UI Task";
		};
/* End PBXContainerItemProxy section */

/* Begin PBXFileReference section */
		5864B08C21D617FB0083CE0B /* SquareViewController.swift */ = {isa = PBXFileReference; fileEncoding = 4; lastKnownFileType = sourcecode.swift; path = SquareViewController.swift; sourceTree = "<group>"; };
		5864B08D21D617FB0083CE0B /* SquareViewController.xib */ = {isa = PBXFileReference; fileEncoding = 4; lastKnownFileType = file.xib; path = SquareViewController.xib; sourceTree = "<group>"; };
		5864B08E21D617FB0083CE0B /* SquareView.swift */ = {isa = PBXFileReference; fileEncoding = 4; lastKnownFileType = sourcecode.swift; path = SquareView.swift; sourceTree = "<group>"; };
		5864B09621D619F50083CE0B /* CGRect+Extensions.swift */ = {isa = PBXFileReference; lastKnownFileType = sourcecode.swift; path = "CGRect+Extensions.swift"; sourceTree = "<group>"; };
		5864B09821D6212C0083CE0B /* F.swift */ = {isa = PBXFileReference; lastKnownFileType = sourcecode.swift; path = F.swift; sourceTree = "<group>"; };
		5883883121D10E4A0009F740 /* UI Task.app */ = {isa = PBXFileReference; explicitFileType = wrapper.application; includeInIndex = 0; path = "UI Task.app"; sourceTree = BUILT_PRODUCTS_DIR; };
		5883883421D10E4A0009F740 /* AppDelegate.swift */ = {isa = PBXFileReference; lastKnownFileType = sourcecode.swift; path = AppDelegate.swift; sourceTree = "<group>"; };
		5883883B21D10E4A0009F740 /* Assets.xcassets */ = {isa = PBXFileReference; lastKnownFileType = folder.assetcatalog; path = Assets.xcassets; sourceTree = "<group>"; };
		5883883E21D10E4A0009F740 /* Base */ = {isa = PBXFileReference; lastKnownFileType = file.storyboard; name = Base; path = Base.lproj/LaunchScreen.storyboard; sourceTree = "<group>"; };
		5883884021D10E4A0009F740 /* Info.plist */ = {isa = PBXFileReference; lastKnownFileType = text.plist.xml; path = Info.plist; sourceTree = "<group>"; };
		5883884521D10E4A0009F740 /* UI TaskTests.xctest */ = {isa = PBXFileReference; explicitFileType = wrapper.cfbundle; includeInIndex = 0; path = "UI TaskTests.xctest"; sourceTree = BUILT_PRODUCTS_DIR; };
		5883884921D10E4A0009F740 /* UI_TaskTests.swift */ = {isa = PBXFileReference; lastKnownFileType = sourcecode.swift; path = UI_TaskTests.swift; sourceTree = "<group>"; };
		5883884B21D10E4A0009F740 /* Info.plist */ = {isa = PBXFileReference; lastKnownFileType = text.plist.xml; path = Info.plist; sourceTree = "<group>"; };
		5883885021D10E4A0009F740 /* UI TaskUITests.xctest */ = {isa = PBXFileReference; explicitFileType = wrapper.cfbundle; includeInIndex = 0; path = "UI TaskUITests.xctest"; sourceTree = BUILT_PRODUCTS_DIR; };
		5883885421D10E4A0009F740 /* UI_TaskUITests.swift */ = {isa = PBXFileReference; lastKnownFileType = sourcecode.swift; path = UI_TaskUITests.swift; sourceTree = "<group>"; };
		5883885621D10E4A0009F740 /* Info.plist */ = {isa = PBXFileReference; lastKnownFileType = text.plist.xml; path = Info.plist; sourceTree = "<group>"; };
/* End PBXFileReference section */

/* Begin PBXFrameworksBuildPhase section */
		5883882E21D10E4A0009F740 /* Frameworks */ = {
			isa = PBXFrameworksBuildPhase;
			buildActionMask = 2147483647;
			files = (
			);
			runOnlyForDeploymentPostprocessing = 0;
		};
		5883884221D10E4A0009F740 /* Frameworks */ = {
			isa = PBXFrameworksBuildPhase;
			buildActionMask = 2147483647;
			files = (
			);
			runOnlyForDeploymentPostprocessing = 0;
		};
		5883884D21D10E4A0009F740 /* Frameworks */ = {
			isa = PBXFrameworksBuildPhase;
			buildActionMask = 2147483647;
			files = (
			);
			runOnlyForDeploymentPostprocessing = 0;
		};
/* End PBXFrameworksBuildPhase section */

/* Begin PBXGroup section */
		5864B08B21D617FB0083CE0B /* SquareViewController */ = {
			isa = PBXGroup;
			children = (
				5864B08C21D617FB0083CE0B /* SquareViewController.swift */,
				5864B08D21D617FB0083CE0B /* SquareViewController.xib */,
				5864B08E21D617FB0083CE0B /* SquareView.swift */,
			);
			path = SquareViewController;
			sourceTree = "<group>";
		};
		5864B09221D6185B0083CE0B /* Lib */ = {
			isa = PBXGroup;
			children = (
				5864B09521D6192F0083CE0B /* Protocols */,
				5864B09421D619260083CE0B /* Types */,
				5864B09321D6186F0083CE0B /* Extensions */,
			);
			path = Lib;
			sourceTree = "<group>";
		};
		5864B09321D6186F0083CE0B /* Extensions */ = {
			isa = PBXGroup;
			children = (
				5864B09621D619F50083CE0B /* CGRect+Extensions.swift */,
			);
			path = Extensions;
			sourceTree = "<group>";
		};
		5864B09421D619260083CE0B /* Types */ = {
			isa = PBXGroup;
			children = (
				5864B09821D6212C0083CE0B /* F.swift */,
			);
			path = Types;
			sourceTree = "<group>";
		};
		5864B09521D6192F0083CE0B /* Protocols */ = {
			isa = PBXGroup;
			children = (
			);
			path = Protocols;
			sourceTree = "<group>";
		};
		5883882821D10E4A0009F740 = {
			isa = PBXGroup;
			children = (
				5883883321D10E4A0009F740 /* UI Task */,
				5883884821D10E4A0009F740 /* UI TaskTests */,
				5883885321D10E4A0009F740 /* UI TaskUITests */,
				5883883221D10E4A0009F740 /* Products */,
			);
			sourceTree = "<group>";
		};
		5883883221D10E4A0009F740 /* Products */ = {
			isa = PBXGroup;
			children = (
				5883883121D10E4A0009F740 /* UI Task.app */,
				5883884521D10E4A0009F740 /* UI TaskTests.xctest */,
				5883885021D10E4A0009F740 /* UI TaskUITests.xctest */,
			);
			name = Products;
			sourceTree = "<group>";
		};
		5883883321D10E4A0009F740 /* UI Task */ = {
			isa = PBXGroup;
			children = (
				5864B09221D6185B0083CE0B /* Lib */,
				5864B08B21D617FB0083CE0B /* SquareViewController */,
				5883883421D10E4A0009F740 /* AppDelegate.swift */,
				5883883B21D10E4A0009F740 /* Assets.xcassets */,
				5883883D21D10E4A0009F740 /* LaunchScreen.storyboard */,
				5883884021D10E4A0009F740 /* Info.plist */,
			);
			path = "UI Task";
			sourceTree = "<group>";
		};
		5883884821D10E4A0009F740 /* UI TaskTests */ = {
			isa = PBXGroup;
			children = (
				5883884921D10E4A0009F740 /* UI_TaskTests.swift */,
				5883884B21D10E4A0009F740 /* Info.plist */,
			);
			path = "UI TaskTests";
			sourceTree = "<group>";
		};
		5883885321D10E4A0009F740 /* UI TaskUITests */ = {
			isa = PBXGroup;
			children = (
				5883885421D10E4A0009F740 /* UI_TaskUITests.swift */,
				5883885621D10E4A0009F740 /* Info.plist */,
			);
			path = "UI TaskUITests";
			sourceTree = "<group>";
		};
/* End PBXGroup section */

/* Begin PBXNativeTarget section */
		5883883021D10E4A0009F740 /* UI Task */ = {
			isa = PBXNativeTarget;
			buildConfigurationList = 5883885921D10E4A0009F740 /* Build configuration list for PBXNativeTarget "UI Task" */;
			buildPhases = (
				5883882D21D10E4A0009F740 /* Sources */,
				5883882E21D10E4A0009F740 /* Frameworks */,
				5883882F21D10E4A0009F740 /* Resources */,
			);
			buildRules = (
			);
			dependencies = (
			);
			name = "UI Task";
			productName = "UI Task";
			productReference = 5883883121D10E4A0009F740 /* UI Task.app */;
			productType = "com.apple.product-type.application";
		};
		5883884421D10E4A0009F740 /* UI TaskTests */ = {
			isa = PBXNativeTarget;
			buildConfigurationList = 5883885C21D10E4A0009F740 /* Build configuration list for PBXNativeTarget "UI TaskTests" */;
			buildPhases = (
				5883884121D10E4A0009F740 /* Sources */,
				5883884221D10E4A0009F740 /* Frameworks */,
				5883884321D10E4A0009F740 /* Resources */,
			);
			buildRules = (
			);
			dependencies = (
				5883884721D10E4A0009F740 /* PBXTargetDependency */,
			);
			name = "UI TaskTests";
			productName = "UI TaskTests";
			productReference = 5883884521D10E4A0009F740 /* UI TaskTests.xctest */;
			productType = "com.apple.product-type.bundle.unit-test";
		};
		5883884F21D10E4A0009F740 /* UI TaskUITests */ = {
			isa = PBXNativeTarget;
			buildConfigurationList = 5883885F21D10E4A0009F740 /* Build configuration list for PBXNativeTarget "UI TaskUITests" */;
			buildPhases = (
				5883884C21D10E4A0009F740 /* Sources */,
				5883884D21D10E4A0009F740 /* Frameworks */,
				5883884E21D10E4A0009F740 /* Resources */,
			);
			buildRules = (
			);
			dependencies = (
				5883885221D10E4A0009F740 /* PBXTargetDependency */,
			);
			name = "UI TaskUITests";
			productName = "UI TaskUITests";
			productReference = 5883885021D10E4A0009F740 /* UI TaskUITests.xctest */;
			productType = "com.apple.product-type.bundle.ui-testing";
		};
/* End PBXNativeTarget section */

/* Begin PBXProject section */
		5883882921D10E4A0009F740 /* Project object */ = {
			isa = PBXProject;
			attributes = {
				LastSwiftUpdateCheck = 1000;
				LastUpgradeCheck = 1000;
				ORGANIZATIONNAME = Student;
				TargetAttributes = {
					5883883021D10E4A0009F740 = {
						CreatedOnToolsVersion = 10.0;
					};
					5883884421D10E4A0009F740 = {
						CreatedOnToolsVersion = 10.0;
						TestTargetID = 5883883021D10E4A0009F740;
					};
					5883884F21D10E4A0009F740 = {
						CreatedOnToolsVersion = 10.0;
						TestTargetID = 5883883021D10E4A0009F740;
					};
				};
			};
			buildConfigurationList = 5883882C21D10E4A0009F740 /* Build configuration list for PBXProject "UI Task" */;
			compatibilityVersion = "Xcode 9.3";
			developmentRegion = en;
			hasScannedForEncodings = 0;
			knownRegions = (
				en,
				Base,
			);
			mainGroup = 5883882821D10E4A0009F740;
			productRefGroup = 5883883221D10E4A0009F740 /* Products */;
			projectDirPath = "";
			projectRoot = "";
			targets = (
				5883883021D10E4A0009F740 /* UI Task */,
				5883884421D10E4A0009F740 /* UI TaskTests */,
				5883884F21D10E4A0009F740 /* UI TaskUITests */,
			);
		};
/* End PBXProject section */

/* Begin PBXResourcesBuildPhase section */
		5883882F21D10E4A0009F740 /* Resources */ = {
			isa = PBXResourcesBuildPhase;
			buildActionMask = 2147483647;
			files = (
				5883883F21D10E4A0009F740 /* LaunchScreen.storyboard in Resources */,
				5883883C21D10E4A0009F740 /* Assets.xcassets in Resources */,
				5864B09021D617FB0083CE0B /* SquareViewController.xib in Resources */,
			);
			runOnlyForDeploymentPostprocessing = 0;
		};
		5883884321D10E4A0009F740 /* Resources */ = {
			isa = PBXResourcesBuildPhase;
			buildActionMask = 2147483647;
			files = (
			);
			runOnlyForDeploymentPostprocessing = 0;
		};
		5883884E21D10E4A0009F740 /* Resources */ = {
			isa = PBXResourcesBuildPhase;
			buildActionMask = 2147483647;
			files = (
			);
			runOnlyForDeploymentPostprocessing = 0;
		};
/* End PBXResourcesBuildPhase section */

/* Begin PBXSourcesBuildPhase section */
		5883882D21D10E4A0009F740 /* Sources */ = {
			isa = PBXSourcesBuildPhase;
			buildActionMask = 2147483647;
			files = (
				5864B09121D617FB0083CE0B /* SquareView.swift in Sources */,
				5864B09921D6212C0083CE0B /* F.swift in Sources */,
				5864B09721D619F50083CE0B /* CGRect+Extensions.swift in Sources */,
				5883883521D10E4A0009F740 /* AppDelegate.swift in Sources */,
				5864B08F21D617FB0083CE0B /* SquareViewController.swift in Sources */,
			);
			runOnlyForDeploymentPostprocessing = 0;
		};
		5883884121D10E4A0009F740 /* Sources */ = {
			isa = PBXSourcesBuildPhase;
			buildActionMask = 2147483647;
			files = (
				5883884A21D10E4A0009F740 /* UI_TaskTests.swift in Sources */,
			);
			runOnlyForDeploymentPostprocessing = 0;
		};
		5883884C21D10E4A0009F740 /* Sources */ = {
			isa = PBXSourcesBuildPhase;
			buildActionMask = 2147483647;
			files = (
				5883885521D10E4A0009F740 /* UI_TaskUITests.swift in Sources */,
			);
			runOnlyForDeploymentPostprocessing = 0;
		};
/* End PBXSourcesBuildPhase section */

/* Begin PBXTargetDependency section */
		5883884721D10E4A0009F740 /* PBXTargetDependency */ = {
			isa = PBXTargetDependency;
			target = 5883883021D10E4A0009F740 /* UI Task */;
			targetProxy = 5883884621D10E4A0009F740 /* PBXContainerItemProxy */;
		};
		5883885221D10E4A0009F740 /* PBXTargetDependency */ = {
			isa = PBXTargetDependency;
			target = 5883883021D10E4A0009F740 /* UI Task */;
			targetProxy = 5883885121D10E4A0009F740 /* PBXContainerItemProxy */;
		};
/* End PBXTargetDependency section */

/* Begin PBXVariantGroup section */
		5883883D21D10E4A0009F740 /* LaunchScreen.storyboard */ = {
			isa = PBXVariantGroup;
			children = (
				5883883E21D10E4A0009F740 /* Base */,
			);
			name = LaunchScreen.storyboard;
			sourceTree = "<group>";
		};
/* End PBXVariantGroup section */

/* Begin XCBuildConfiguration section */
		5883885721D10E4A0009F740 /* Debug */ = {
			isa = XCBuildConfiguration;
			buildSettings = {
				ALWAYS_SEARCH_USER_PATHS = NO;
				CLANG_ANALYZER_NONNULL = YES;
				CLANG_ANALYZER_NUMBER_OBJECT_CONVERSION = YES_AGGRESSIVE;
				CLANG_CXX_LANGUAGE_STANDARD = "gnu++14";
				CLANG_CXX_LIBRARY = "libc++";
				CLANG_ENABLE_MODULES = YES;
				CLANG_ENABLE_OBJC_ARC = YES;
				CLANG_ENABLE_OBJC_WEAK = YES;
				CLANG_WARN_BLOCK_CAPTURE_AUTORELEASING = YES;
				CLANG_WARN_BOOL_CONVERSION = YES;
				CLANG_WARN_COMMA = YES;
				CLANG_WARN_CONSTANT_CONVERSION = YES;
				CLANG_WARN_DEPRECATED_OBJC_IMPLEMENTATIONS = YES;
				CLANG_WARN_DIRECT_OBJC_ISA_USAGE = YES_ERROR;
				CLANG_WARN_DOCUMENTATION_COMMENTS = YES;
				CLANG_WARN_EMPTY_BODY = YES;
				CLANG_WARN_ENUM_CONVERSION = YES;
				CLANG_WARN_INFINITE_RECURSION = YES;
				CLANG_WARN_INT_CONVERSION = YES;
				CLANG_WARN_NON_LITERAL_NULL_CONVERSION = YES;
				CLANG_WARN_OBJC_IMPLICIT_RETAIN_SELF = YES;
				CLANG_WARN_OBJC_LITERAL_CONVERSION = YES;
				CLANG_WARN_OBJC_ROOT_CLASS = YES_ERROR;
				CLANG_WARN_RANGE_LOOP_ANALYSIS = YES;
				CLANG_WARN_STRICT_PROTOTYPES = YES;
				CLANG_WARN_SUSPICIOUS_MOVE = YES;
				CLANG_WARN_UNGUARDED_AVAILABILITY = YES_AGGRESSIVE;
				CLANG_WARN_UNREACHABLE_CODE = YES;
				CLANG_WARN__DUPLICATE_METHOD_MATCH = YES;
				CODE_SIGN_IDENTITY = "iPhone Developer";
				COPY_PHASE_STRIP = NO;
				DEBUG_INFORMATION_FORMAT = dwarf;
				ENABLE_STRICT_OBJC_MSGSEND = YES;
				ENABLE_TESTABILITY = YES;
				GCC_C_LANGUAGE_STANDARD = gnu11;
				GCC_DYNAMIC_NO_PIC = NO;
				GCC_NO_COMMON_BLOCKS = YES;
				GCC_OPTIMIZATION_LEVEL = 0;
				GCC_PREPROCESSOR_DEFINITIONS = (
					"DEBUG=1",
					"$(inherited)",
				);
				GCC_WARN_64_TO_32_BIT_CONVERSION = YES;
				GCC_WARN_ABOUT_RETURN_TYPE = YES_ERROR;
				GCC_WARN_UNDECLARED_SELECTOR = YES;
				GCC_WARN_UNINITIALIZED_AUTOS = YES_AGGRESSIVE;
				GCC_WARN_UNUSED_FUNCTION = YES;
				GCC_WARN_UNUSED_VARIABLE = YES;
				IPHONEOS_DEPLOYMENT_TARGET = 12.0;
				MTL_ENABLE_DEBUG_INFO = INCLUDE_SOURCE;
				MTL_FAST_MATH = YES;
				ONLY_ACTIVE_ARCH = YES;
				SDKROOT = iphoneos;
				SWIFT_ACTIVE_COMPILATION_CONDITIONS = DEBUG;
				SWIFT_OPTIMIZATION_LEVEL = "-Onone";
			};
			name = Debug;
		};
		5883885821D10E4A0009F740 /* Release */ = {
			isa = XCBuildConfiguration;
			buildSettings = {
				ALWAYS_SEARCH_USER_PATHS = NO;
				CLANG_ANALYZER_NONNULL = YES;
				CLANG_ANALYZER_NUMBER_OBJECT_CONVERSION = YES_AGGRESSIVE;
				CLANG_CXX_LANGUAGE_STANDARD = "gnu++14";
				CLANG_CXX_LIBRARY = "libc++";
				CLANG_ENABLE_MODULES = YES;
				CLANG_ENABLE_OBJC_ARC = YES;
				CLANG_ENABLE_OBJC_WEAK = YES;
				CLANG_WARN_BLOCK_CAPTURE_AUTORELEASING = YES;
				CLANG_WARN_BOOL_CONVERSION = YES;
				CLANG_WARN_COMMA = YES;
				CLANG_WARN_CONSTANT_CONVERSION = YES;
				CLANG_WARN_DEPRECATED_OBJC_IMPLEMENTATIONS = YES;
				CLANG_WARN_DIRECT_OBJC_ISA_USAGE = YES_ERROR;
				CLANG_WARN_DOCUMENTATION_COMMENTS = YES;
				CLANG_WARN_EMPTY_BODY = YES;
				CLANG_WARN_ENUM_CONVERSION = YES;
				CLANG_WARN_INFINITE_RECURSION = YES;
				CLANG_WARN_INT_CONVERSION = YES;
				CLANG_WARN_NON_LITERAL_NULL_CONVERSION = YES;
				CLANG_WARN_OBJC_IMPLICIT_RETAIN_SELF = YES;
				CLANG_WARN_OBJC_LITERAL_CONVERSION = YES;
				CLANG_WARN_OBJC_ROOT_CLASS = YES_ERROR;
				CLANG_WARN_RANGE_LOOP_ANALYSIS = YES;
				CLANG_WARN_STRICT_PROTOTYPES = YES;
				CLANG_WARN_SUSPICIOUS_MOVE = YES;
				CLANG_WARN_UNGUARDED_AVAILABILITY = YES_AGGRESSIVE;
				CLANG_WARN_UNREACHABLE_CODE = YES;
				CLANG_WARN__DUPLICATE_METHOD_MATCH = YES;
				CODE_SIGN_IDENTITY = "iPhone Developer";
				COPY_PHASE_STRIP = NO;
				DEBUG_INFORMATION_FORMAT = "dwarf-with-dsym";
				ENABLE_NS_ASSERTIONS = NO;
				ENABLE_STRICT_OBJC_MSGSEND = YES;
				GCC_C_LANGUAGE_STANDARD = gnu11;
				GCC_NO_COMMON_BLOCKS = YES;
				GCC_WARN_64_TO_32_BIT_CONVERSION = YES;
				GCC_WARN_ABOUT_RETURN_TYPE = YES_ERROR;
				GCC_WARN_UNDECLARED_SELECTOR = YES;
				GCC_WARN_UNINITIALIZED_AUTOS = YES_AGGRESSIVE;
				GCC_WARN_UNUSED_FUNCTION = YES;
				GCC_WARN_UNUSED_VARIABLE = YES;
				IPHONEOS_DEPLOYMENT_TARGET = 12.0;
				MTL_ENABLE_DEBUG_INFO = NO;
				MTL_FAST_MATH = YES;
				SDKROOT = iphoneos;
				SWIFT_COMPILATION_MODE = wholemodule;
				SWIFT_OPTIMIZATION_LEVEL = "-O";
				VALIDATE_PRODUCT = YES;
			};
			name = Release;
		};
		5883885A21D10E4A0009F740 /* Debug */ = {
			isa = XCBuildConfiguration;
			buildSettings = {
				ASSETCATALOG_COMPILER_APPICON_NAME = AppIcon;
				CODE_SIGN_STYLE = Automatic;
				DEVELOPMENT_TEAM = NFU7KP6QLW;
				INFOPLIST_FILE = "UI Task/Info.plist";
				LD_RUNPATH_SEARCH_PATHS = (
					"$(inherited)",
					"@executable_path/Frameworks",
				);
				PRODUCT_BUNDLE_IDENTIFIER = "Idap.UI-Task";
				PRODUCT_NAME = "$(TARGET_NAME)";
				SWIFT_VERSION = 4.2;
				TARGETED_DEVICE_FAMILY = "1,2";
			};
			name = Debug;
		};
		5883885B21D10E4A0009F740 /* Release */ = {
			isa = XCBuildConfiguration;
			buildSettings = {
				ASSETCATALOG_COMPILER_APPICON_NAME = AppIcon;
				CODE_SIGN_STYLE = Automatic;
				DEVELOPMENT_TEAM = NFU7KP6QLW;
				INFOPLIST_FILE = "UI Task/Info.plist";
				LD_RUNPATH_SEARCH_PATHS = (
					"$(inherited)",
					"@executable_path/Frameworks",
				);
				PRODUCT_BUNDLE_IDENTIFIER = "Idap.UI-Task";
				PRODUCT_NAME = "$(TARGET_NAME)";
				SWIFT_VERSION = 4.2;
				TARGETED_DEVICE_FAMILY = "1,2";
			};
			name = Release;
		};
		5883885D21D10E4A0009F740 /* Debug */ = {
			isa = XCBuildConfiguration;
			buildSettings = {
				ALWAYS_EMBED_SWIFT_STANDARD_LIBRARIES = YES;
				BUNDLE_LOADER = "$(TEST_HOST)";
				CODE_SIGN_STYLE = Automatic;
				DEVELOPMENT_TEAM = NFU7KP6QLW;
				INFOPLIST_FILE = "UI TaskTests/Info.plist";
				LD_RUNPATH_SEARCH_PATHS = (
					"$(inherited)",
					"@executable_path/Frameworks",
					"@loader_path/Frameworks",
				);
				PRODUCT_BUNDLE_IDENTIFIER = "Idap.UI-TaskTests";
				PRODUCT_NAME = "$(TARGET_NAME)";
				SWIFT_VERSION = 4.2;
				TARGETED_DEVICE_FAMILY = "1,2";
				TEST_HOST = "$(BUILT_PRODUCTS_DIR)/UI Task.app/UI Task";
			};
			name = Debug;
		};
		5883885E21D10E4A0009F740 /* Release */ = {
			isa = XCBuildConfiguration;
			buildSettings = {
				ALWAYS_EMBED_SWIFT_STANDARD_LIBRARIES = YES;
				BUNDLE_LOADER = "$(TEST_HOST)";
				CODE_SIGN_STYLE = Automatic;
				DEVELOPMENT_TEAM = NFU7KP6QLW;
				INFOPLIST_FILE = "UI TaskTests/Info.plist";
				LD_RUNPATH_SEARCH_PATHS = (
					"$(inherited)",
					"@executable_path/Frameworks",
					"@loader_path/Frameworks",
				);
				PRODUCT_BUNDLE_IDENTIFIER = "Idap.UI-TaskTests";
				PRODUCT_NAME = "$(TARGET_NAME)";
				SWIFT_VERSION = 4.2;
				TARGETED_DEVICE_FAMILY = "1,2";
				TEST_HOST = "$(BUILT_PRODUCTS_DIR)/UI Task.app/UI Task";
			};
			name = Release;
		};
		5883886021D10E4A0009F740 /* Debug */ = {
			isa = XCBuildConfiguration;
			buildSettings = {
				ALWAYS_EMBED_SWIFT_STANDARD_LIBRARIES = YES;
				CODE_SIGN_STYLE = Automatic;
				DEVELOPMENT_TEAM = NFU7KP6QLW;
				INFOPLIST_FILE = "UI TaskUITests/Info.plist";
				LD_RUNPATH_SEARCH_PATHS = (
					"$(inherited)",
					"@executable_path/Frameworks",
					"@loader_path/Frameworks",
				);
				PRODUCT_BUNDLE_IDENTIFIER = "Idap.UI-TaskUITests";
				PRODUCT_NAME = "$(TARGET_NAME)";
				SWIFT_VERSION = 4.2;
				TARGETED_DEVICE_FAMILY = "1,2";
				TEST_TARGET_NAME = "UI Task";
			};
			name = Debug;
		};
		5883886121D10E4A0009F740 /* Release */ = {
			isa = XCBuildConfiguration;
			buildSettings = {
				ALWAYS_EMBED_SWIFT_STANDARD_LIBRARIES = YES;
				CODE_SIGN_STYLE = Automatic;
				DEVELOPMENT_TEAM = NFU7KP6QLW;
				INFOPLIST_FILE = "UI TaskUITests/Info.plist";
				LD_RUNPATH_SEARCH_PATHS = (
					"$(inherited)",
					"@executable_path/Frameworks",
					"@loader_path/Frameworks",
				);
				PRODUCT_BUNDLE_IDENTIFIER = "Idap.UI-TaskUITests";
				PRODUCT_NAME = "$(TARGET_NAME)";
				SWIFT_VERSION = 4.2;
				TARGETED_DEVICE_FAMILY = "1,2";
				TEST_TARGET_NAME = "UI Task";
			};
			name = Release;
		};
/* End XCBuildConfiguration section */

/* Begin XCConfigurationList section */
		5883882C21D10E4A0009F740 /* Build configuration list for PBXProject "UI Task" */ = {
			isa = XCConfigurationList;
			buildConfigurations = (
				5883885721D10E4A0009F740 /* Debug */,
				5883885821D10E4A0009F740 /* Release */,
			);
			defaultConfigurationIsVisible = 0;
			defaultConfigurationName = Release;
		};
		5883885921D10E4A0009F740 /* Build configuration list for PBXNativeTarget "UI Task" */ = {
			isa = XCConfigurationList;
			buildConfigurations = (
				5883885A21D10E4A0009F740 /* Debug */,
				5883885B21D10E4A0009F740 /* Release */,
			);
			defaultConfigurationIsVisible = 0;
			defaultConfigurationName = Release;
		};
		5883885C21D10E4A0009F740 /* Build configuration list for PBXNativeTarget "UI TaskTests" */ = {
			isa = XCConfigurationList;
			buildConfigurations = (
				5883885D21D10E4A0009F740 /* Debug */,
				5883885E21D10E4A0009F740 /* Release */,
			);
			defaultConfigurationIsVisible = 0;
			defaultConfigurationName = Release;
		};
		5883885F21D10E4A0009F740 /* Build configuration list for PBXNativeTarget "UI TaskUITests" */ = {
			isa = XCConfigurationList;
			buildConfigurations = (
				5883886021D10E4A0009F740 /* Debug */,
				5883886121D10E4A0009F740 /* Release */,
			);
			defaultConfigurationIsVisible = 0;
			defaultConfigurationName = Release;
		};
/* End XCConfigurationList section */
	};
	rootObject = 5883882921D10E4A0009F740 /* Project object */;
}
